// !$*UTF8*$!
{
	archiveVersion = 1;
	classes = {
	};
	objectVersion = 50;
	objects = {

/* Begin PBXBuildFile section */
		110F88F324530F6700C7B797 /* AppDelegate.swift in Sources */ = {isa = PBXBuildFile; fileRef = 110F88F224530F6700C7B797 /* AppDelegate.swift */; };
		110F88F524530F6700C7B797 /* SceneDelegate.swift in Sources */ = {isa = PBXBuildFile; fileRef = 110F88F424530F6700C7B797 /* SceneDelegate.swift */; };
		110F88FC24530F6900C7B797 /* Assets.xcassets in Resources */ = {isa = PBXBuildFile; fileRef = 110F88FB24530F6900C7B797 /* Assets.xcassets */; };
		110F88FF24530F6900C7B797 /* Preview Assets.xcassets in Resources */ = {isa = PBXBuildFile; fileRef = 110F88FE24530F6900C7B797 /* Preview Assets.xcassets */; };
		110F890224530F6900C7B797 /* LaunchScreen.storyboard in Resources */ = {isa = PBXBuildFile; fileRef = 110F890024530F6900C7B797 /* LaunchScreen.storyboard */; };
		113E891D246BE28D0070F018 /* MainNavigationView.swift in Sources */ = {isa = PBXBuildFile; fileRef = 113E891C246BE28D0070F018 /* MainNavigationView.swift */; };
		113E891F246BE7460070F018 /* SaveAreaObserver.swift in Sources */ = {isa = PBXBuildFile; fileRef = 113E891E246BE7460070F018 /* SaveAreaObserver.swift */; };
		113E8921246BF31D0070F018 /* NavigationObserver.swift in Sources */ = {isa = PBXBuildFile; fileRef = 113E8920246BF31D0070F018 /* NavigationObserver.swift */; };
		11411C46246CBB3B0031A991 /* FilterObserver.swift in Sources */ = {isa = PBXBuildFile; fileRef = 11411C45246CBB3B0031A991 /* FilterObserver.swift */; };
		114744DC2461AB4900EF4A36 /* Theme.swift in Sources */ = {isa = PBXBuildFile; fileRef = 114744DB2461AB4900EF4A36 /* Theme.swift */; };
		114D1563245CB5FB0042A38B /* TagView.swift in Sources */ = {isa = PBXBuildFile; fileRef = 114D1562245CB5FB0042A38B /* TagView.swift */; };
		114F4B85246C537600C7811C /* SettingsView.swift in Sources */ = {isa = PBXBuildFile; fileRef = 114F4B84246C537600C7811C /* SettingsView.swift */; };
		114F4B88246C8CB600C7811C /* DreamFilterSheetView.swift in Sources */ = {isa = PBXBuildFile; fileRef = 114F4B87246C8CB600C7811C /* DreamFilterSheetView.swift */; };
		114F65772459C7250056EB4C /* DreamServiceTests.swift in Sources */ = {isa = PBXBuildFile; fileRef = 114F65762459C7250056EB4C /* DreamServiceTests.swift */; };
		11559B2F245A2A5D00025F9F /* HomeView.swift in Sources */ = {isa = PBXBuildFile; fileRef = 11559B2E245A2A5D00025F9F /* HomeView.swift */; };
		11559B31245A2AB900025F9F /* DreamListView.swift in Sources */ = {isa = PBXBuildFile; fileRef = 11559B30245A2AB900025F9F /* DreamListView.swift */; };
		11564C122463F5AF00CDAE93 /* DreamViewModel.swift in Sources */ = {isa = PBXBuildFile; fileRef = 11564C112463F5AF00CDAE93 /* DreamViewModel.swift */; };
		11564C1824641FBC00CDAE93 /* TagViewModel.swift in Sources */ = {isa = PBXBuildFile; fileRef = 11564C1724641FBC00CDAE93 /* TagViewModel.swift */; };
		1166455D24599F24000F2DC0 /* DreamService.swift in Sources */ = {isa = PBXBuildFile; fileRef = 1166455C24599F24000F2DC0 /* DreamService.swift */; };
		1182E35E24634C4800C41E3E /* DreamDetailTopBar.swift in Sources */ = {isa = PBXBuildFile; fileRef = 1182E35D24634C4800C41E3E /* DreamDetailTopBar.swift */; };
		1182E36024634EDC00C41E3E /* DreamDetailMainContentView.swift in Sources */ = {isa = PBXBuildFile; fileRef = 1182E35F24634EDC00C41E3E /* DreamDetailMainContentView.swift */; };
		118EA0E72453286900A2446F /* DreamDetailView.swift in Sources */ = {isa = PBXBuildFile; fileRef = 118EA0E62453286900A2446F /* DreamDetailView.swift */; };
		11944D7F24695E5F00A8A3B2 /* CustomTextView.swift in Sources */ = {isa = PBXBuildFile; fileRef = 11944D7E24695E5F00A8A3B2 /* CustomTextView.swift */; };
		11A09224246EAC73003A3F46 /* CollectionView.swift in Sources */ = {isa = PBXBuildFile; fileRef = 11A09223246EAC73003A3F46 /* CollectionView.swift */; };
		11AF16C22462D5D4009A150B /* KeyboardObserver.swift in Sources */ = {isa = PBXBuildFile; fileRef = 11AF16C12462D5D4009A150B /* KeyboardObserver.swift */; };
		11AF16C62463105B009A150B /* DreamDetailKeyboardBar.swift in Sources */ = {isa = PBXBuildFile; fileRef = 11AF16C52463105B009A150B /* DreamDetailKeyboardBar.swift */; };
		11B4E24B246A1501006295B5 /* CustomTextField.swift in Sources */ = {isa = PBXBuildFile; fileRef = 11B4E24A246A1501006295B5 /* CustomTextField.swift */; };
		11B8A65E24596C500057D1E6 /* DreamBook.xcdatamodeld in Sources */ = {isa = PBXBuildFile; fileRef = 11B8A65C24596C500057D1E6 /* DreamBook.xcdatamodeld */; };
		11B8A66024596D480057D1E6 /* CoreDataStack.swift in Sources */ = {isa = PBXBuildFile; fileRef = 11B8A65F24596D480057D1E6 /* CoreDataStack.swift */; };
		11D2E598246D963A006F2706 /* DreamListHeader.swift in Sources */ = {isa = PBXBuildFile; fileRef = 11D2E597246D963A006F2706 /* DreamListHeader.swift */; };
		11D2E59A246D9678006F2706 /* DreamListItem.swift in Sources */ = {isa = PBXBuildFile; fileRef = 11D2E599246D9678006F2706 /* DreamListItem.swift */; };
		11D3068E246F45860086C615 /* FilterViewModel.swift in Sources */ = {isa = PBXBuildFile; fileRef = 11D3068D246F45860086C615 /* FilterViewModel.swift */; };
		11D30690246F46370086C615 /* FilterView.swift in Sources */ = {isa = PBXBuildFile; fileRef = 11D3068F246F46370086C615 /* FilterView.swift */; };
		11F5ED26245B250000667B4E /* Dream+CoreDataProperties.swift in Sources */ = {isa = PBXBuildFile; fileRef = 11F5ED24245B250000667B4E /* Dream+CoreDataProperties.swift */; };
		11F5ED27245B250000667B4E /* Dream+CoreDataClass.swift in Sources */ = {isa = PBXBuildFile; fileRef = 11F5ED25245B250000667B4E /* Dream+CoreDataClass.swift */; };
		11F5ED30245B3BC500667B4E /* Tag+CoreDataClass.swift in Sources */ = {isa = PBXBuildFile; fileRef = 11F5ED2E245B3BC500667B4E /* Tag+CoreDataClass.swift */; };
		11F5ED31245B3BC500667B4E /* Tag+CoreDataProperties.swift in Sources */ = {isa = PBXBuildFile; fileRef = 11F5ED2F245B3BC500667B4E /* Tag+CoreDataProperties.swift */; };
		11F5ED33245B3D0100667B4E /* TagService.swift in Sources */ = {isa = PBXBuildFile; fileRef = 11F5ED32245B3D0100667B4E /* TagService.swift */; };
		11F5ED35245B3F6500667B4E /* TagServiceTest.swift in Sources */ = {isa = PBXBuildFile; fileRef = 11F5ED34245B3F6500667B4E /* TagServiceTest.swift */; };
/* End PBXBuildFile section */

/* Begin PBXContainerItemProxy section */
		114F65712459C70A0056EB4C /* PBXContainerItemProxy */ = {
			isa = PBXContainerItemProxy;
			containerPortal = 110F88E724530F6700C7B797 /* Project object */;
			proxyType = 1;
			remoteGlobalIDString = 110F88EE24530F6700C7B797;
			remoteInfo = DreamBook;
		};
/* End PBXContainerItemProxy section */

/* Begin PBXFileReference section */
		110F88EF24530F6700C7B797 /* Dreaming Journals.app */ = {isa = PBXFileReference; explicitFileType = wrapper.application; includeInIndex = 0; path = "Dreaming Journals.app"; sourceTree = BUILT_PRODUCTS_DIR; };
		110F88F224530F6700C7B797 /* AppDelegate.swift */ = {isa = PBXFileReference; lastKnownFileType = sourcecode.swift; path = AppDelegate.swift; sourceTree = "<group>"; };
		110F88F424530F6700C7B797 /* SceneDelegate.swift */ = {isa = PBXFileReference; lastKnownFileType = sourcecode.swift; path = SceneDelegate.swift; sourceTree = "<group>"; };
		110F88FB24530F6900C7B797 /* Assets.xcassets */ = {isa = PBXFileReference; lastKnownFileType = folder.assetcatalog; path = Assets.xcassets; sourceTree = "<group>"; };
		110F88FE24530F6900C7B797 /* Preview Assets.xcassets */ = {isa = PBXFileReference; lastKnownFileType = folder.assetcatalog; path = "Preview Assets.xcassets"; sourceTree = "<group>"; };
		110F890124530F6900C7B797 /* Base */ = {isa = PBXFileReference; lastKnownFileType = file.storyboard; name = Base; path = Base.lproj/LaunchScreen.storyboard; sourceTree = "<group>"; };
		110F890324530F6900C7B797 /* Info.plist */ = {isa = PBXFileReference; lastKnownFileType = text.plist.xml; path = Info.plist; sourceTree = "<group>"; };
		110FF3A4246ACB7C00E10AD3 /* Dreaming Journals.entitlements */ = {isa = PBXFileReference; lastKnownFileType = text.plist.entitlements; path = "Dreaming Journals.entitlements"; sourceTree = "<group>"; };
		113E891C246BE28D0070F018 /* MainNavigationView.swift */ = {isa = PBXFileReference; lastKnownFileType = sourcecode.swift; path = MainNavigationView.swift; sourceTree = "<group>"; };
		113E891E246BE7460070F018 /* SaveAreaObserver.swift */ = {isa = PBXFileReference; lastKnownFileType = sourcecode.swift; path = SaveAreaObserver.swift; sourceTree = "<group>"; };
		113E8920246BF31D0070F018 /* NavigationObserver.swift */ = {isa = PBXFileReference; lastKnownFileType = sourcecode.swift; path = NavigationObserver.swift; sourceTree = "<group>"; };
		11411C45246CBB3B0031A991 /* FilterObserver.swift */ = {isa = PBXFileReference; lastKnownFileType = sourcecode.swift; path = FilterObserver.swift; sourceTree = "<group>"; };
		114744DB2461AB4900EF4A36 /* Theme.swift */ = {isa = PBXFileReference; lastKnownFileType = sourcecode.swift; path = Theme.swift; sourceTree = "<group>"; };
		114D1562245CB5FB0042A38B /* TagView.swift */ = {isa = PBXFileReference; lastKnownFileType = sourcecode.swift; path = TagView.swift; sourceTree = "<group>"; };
		114F4B84246C537600C7811C /* SettingsView.swift */ = {isa = PBXFileReference; lastKnownFileType = sourcecode.swift; path = SettingsView.swift; sourceTree = "<group>"; };
		114F4B87246C8CB600C7811C /* DreamFilterSheetView.swift */ = {isa = PBXFileReference; lastKnownFileType = sourcecode.swift; path = DreamFilterSheetView.swift; sourceTree = "<group>"; };
		114F656C2459C70A0056EB4C /* DreamingJournalsTests.xctest */ = {isa = PBXFileReference; explicitFileType = wrapper.cfbundle; includeInIndex = 0; path = DreamingJournalsTests.xctest; sourceTree = BUILT_PRODUCTS_DIR; };
		114F65702459C70A0056EB4C /* Info.plist */ = {isa = PBXFileReference; lastKnownFileType = text.plist.xml; path = Info.plist; sourceTree = "<group>"; };
		114F65762459C7250056EB4C /* DreamServiceTests.swift */ = {isa = PBXFileReference; lastKnownFileType = sourcecode.swift; path = DreamServiceTests.swift; sourceTree = "<group>"; };
		11559B2E245A2A5D00025F9F /* HomeView.swift */ = {isa = PBXFileReference; lastKnownFileType = sourcecode.swift; path = HomeView.swift; sourceTree = "<group>"; };
		11559B30245A2AB900025F9F /* DreamListView.swift */ = {isa = PBXFileReference; lastKnownFileType = sourcecode.swift; path = DreamListView.swift; sourceTree = "<group>"; };
		11564C112463F5AF00CDAE93 /* DreamViewModel.swift */ = {isa = PBXFileReference; lastKnownFileType = sourcecode.swift; path = DreamViewModel.swift; sourceTree = "<group>"; };
		11564C1724641FBC00CDAE93 /* TagViewModel.swift */ = {isa = PBXFileReference; lastKnownFileType = sourcecode.swift; path = TagViewModel.swift; sourceTree = "<group>"; };
		1166455C24599F24000F2DC0 /* DreamService.swift */ = {isa = PBXFileReference; lastKnownFileType = sourcecode.swift; path = DreamService.swift; sourceTree = "<group>"; };
		1182E35D24634C4800C41E3E /* DreamDetailTopBar.swift */ = {isa = PBXFileReference; lastKnownFileType = sourcecode.swift; path = DreamDetailTopBar.swift; sourceTree = "<group>"; };
		1182E35F24634EDC00C41E3E /* DreamDetailMainContentView.swift */ = {isa = PBXFileReference; lastKnownFileType = sourcecode.swift; path = DreamDetailMainContentView.swift; sourceTree = "<group>"; };
		118EA0E62453286900A2446F /* DreamDetailView.swift */ = {isa = PBXFileReference; lastKnownFileType = sourcecode.swift; path = DreamDetailView.swift; sourceTree = "<group>"; };
		11944D7E24695E5F00A8A3B2 /* CustomTextView.swift */ = {isa = PBXFileReference; lastKnownFileType = sourcecode.swift; path = CustomTextView.swift; sourceTree = "<group>"; };
		11A09223246EAC73003A3F46 /* CollectionView.swift */ = {isa = PBXFileReference; lastKnownFileType = sourcecode.swift; path = CollectionView.swift; sourceTree = "<group>"; };
		11AF16C12462D5D4009A150B /* KeyboardObserver.swift */ = {isa = PBXFileReference; lastKnownFileType = sourcecode.swift; path = KeyboardObserver.swift; sourceTree = "<group>"; };
		11AF16C52463105B009A150B /* DreamDetailKeyboardBar.swift */ = {isa = PBXFileReference; lastKnownFileType = sourcecode.swift; path = DreamDetailKeyboardBar.swift; sourceTree = "<group>"; };
		11B4E24A246A1501006295B5 /* CustomTextField.swift */ = {isa = PBXFileReference; lastKnownFileType = sourcecode.swift; path = CustomTextField.swift; sourceTree = "<group>"; };
		11B8A65D24596C500057D1E6 /* DreamBook.xcdatamodel */ = {isa = PBXFileReference; lastKnownFileType = wrapper.xcdatamodel; path = DreamBook.xcdatamodel; sourceTree = "<group>"; };
		11B8A65F24596D480057D1E6 /* CoreDataStack.swift */ = {isa = PBXFileReference; lastKnownFileType = sourcecode.swift; path = CoreDataStack.swift; sourceTree = "<group>"; };
		11D2E597246D963A006F2706 /* DreamListHeader.swift */ = {isa = PBXFileReference; lastKnownFileType = sourcecode.swift; path = DreamListHeader.swift; sourceTree = "<group>"; };
		11D2E599246D9678006F2706 /* DreamListItem.swift */ = {isa = PBXFileReference; lastKnownFileType = sourcecode.swift; path = DreamListItem.swift; sourceTree = "<group>"; };
		11D3068D246F45860086C615 /* FilterViewModel.swift */ = {isa = PBXFileReference; lastKnownFileType = sourcecode.swift; path = FilterViewModel.swift; sourceTree = "<group>"; };
		11D3068F246F46370086C615 /* FilterView.swift */ = {isa = PBXFileReference; lastKnownFileType = sourcecode.swift; path = FilterView.swift; sourceTree = "<group>"; };
		11F5ED24245B250000667B4E /* Dream+CoreDataProperties.swift */ = {isa = PBXFileReference; fileEncoding = 4; lastKnownFileType = sourcecode.swift; path = "Dream+CoreDataProperties.swift"; sourceTree = "<group>"; };
		11F5ED25245B250000667B4E /* Dream+CoreDataClass.swift */ = {isa = PBXFileReference; fileEncoding = 4; lastKnownFileType = sourcecode.swift; path = "Dream+CoreDataClass.swift"; sourceTree = "<group>"; };
		11F5ED2E245B3BC500667B4E /* Tag+CoreDataClass.swift */ = {isa = PBXFileReference; lastKnownFileType = sourcecode.swift; path = "Tag+CoreDataClass.swift"; sourceTree = "<group>"; };
		11F5ED2F245B3BC500667B4E /* Tag+CoreDataProperties.swift */ = {isa = PBXFileReference; lastKnownFileType = sourcecode.swift; path = "Tag+CoreDataProperties.swift"; sourceTree = "<group>"; };
		11F5ED32245B3D0100667B4E /* TagService.swift */ = {isa = PBXFileReference; lastKnownFileType = sourcecode.swift; path = TagService.swift; sourceTree = "<group>"; };
		11F5ED34245B3F6500667B4E /* TagServiceTest.swift */ = {isa = PBXFileReference; lastKnownFileType = sourcecode.swift; path = TagServiceTest.swift; sourceTree = "<group>"; };
/* End PBXFileReference section */

/* Begin PBXFrameworksBuildPhase section */
		110F88EC24530F6700C7B797 /* Frameworks */ = {
			isa = PBXFrameworksBuildPhase;
			buildActionMask = 2147483647;
			files = (
			);
			runOnlyForDeploymentPostprocessing = 0;
		};
		114F65692459C70A0056EB4C /* Frameworks */ = {
			isa = PBXFrameworksBuildPhase;
			buildActionMask = 2147483647;
			files = (
			);
			runOnlyForDeploymentPostprocessing = 0;
		};
/* End PBXFrameworksBuildPhase section */

/* Begin PBXGroup section */
		110F88E624530F6700C7B797 = {
			isa = PBXGroup;
			children = (
				110F88F124530F6700C7B797 /* DreamingJournals */,
				114F656D2459C70A0056EB4C /* DreamingJournalsTest */,
				110F88F024530F6700C7B797 /* Products */,
			);
			sourceTree = "<group>";
		};
		110F88F024530F6700C7B797 /* Products */ = {
			isa = PBXGroup;
			children = (
				110F88EF24530F6700C7B797 /* Dreaming Journals.app */,
				114F656C2459C70A0056EB4C /* DreamingJournalsTests.xctest */,
			);
			name = Products;
			sourceTree = "<group>";
		};
		110F88F124530F6700C7B797 /* DreamingJournals */ = {
			isa = PBXGroup;
			children = (
				1166455E2459B4FA000F2DC0 /* Views */,
				1166455B24599EFA000F2DC0 /* Services */,
				1168B0242454593D00E9E186 /* Models */,
				11564C102463F59600CDAE93 /* ViewModels */,
				11AF16C02462D238009A150B /* Utilities */,
				110F88F224530F6700C7B797 /* AppDelegate.swift */,
				110F88F424530F6700C7B797 /* SceneDelegate.swift */,
				11B8A65F24596D480057D1E6 /* CoreDataStack.swift */,
				114744DB2461AB4900EF4A36 /* Theme.swift */,
				110F890024530F6900C7B797 /* LaunchScreen.storyboard */,
				11B8A65C24596C500057D1E6 /* DreamBook.xcdatamodeld */,
				110F890324530F6900C7B797 /* Info.plist */,
				110FF3A4246ACB7C00E10AD3 /* Dreaming Journals.entitlements */,
				110F88FD24530F6900C7B797 /* Preview Content */,
				110F88FB24530F6900C7B797 /* Assets.xcassets */,
			);
			path = DreamingJournals;
			sourceTree = "<group>";
		};
		110F88FD24530F6900C7B797 /* Preview Content */ = {
			isa = PBXGroup;
			children = (
				110F88FE24530F6900C7B797 /* Preview Assets.xcassets */,
			);
			path = "Preview Content";
			sourceTree = "<group>";
		};
		113E891B246BE2750070F018 /* MainNavigationView */ = {
			isa = PBXGroup;
			children = (
				113E891C246BE28D0070F018 /* MainNavigationView.swift */,
			);
			path = MainNavigationView;
			sourceTree = "<group>";
		};
		114D155F245CB58C0042A38B /* HelperViews */ = {
			isa = PBXGroup;
			children = (
				114D1562245CB5FB0042A38B /* TagView.swift */,
				11944D7E24695E5F00A8A3B2 /* CustomTextView.swift */,
				11B4E24A246A1501006295B5 /* CustomTextField.swift */,
				11A09223246EAC73003A3F46 /* CollectionView.swift */,
				11D3068F246F46370086C615 /* FilterView.swift */,
			);
			path = HelperViews;
			sourceTree = "<group>";
		};
		114F4B83246C536300C7811C /* SettingsView */ = {
			isa = PBXGroup;
			children = (
				114F4B84246C537600C7811C /* SettingsView.swift */,
			);
			path = SettingsView;
			sourceTree = "<group>";
		};
		114F656D2459C70A0056EB4C /* DreamingJournalsTest */ = {
			isa = PBXGroup;
			children = (
				11F5ED34245B3F6500667B4E /* TagServiceTest.swift */,
				114F65762459C7250056EB4C /* DreamServiceTests.swift */,
				114F65702459C70A0056EB4C /* Info.plist */,
			);
			path = DreamingJournalsTest;
			sourceTree = "<group>";
		};
		11559B2D245A29B800025F9F /* HomeView */ = {
			isa = PBXGroup;
			children = (
				11559B2E245A2A5D00025F9F /* HomeView.swift */,
				11559B30245A2AB900025F9F /* DreamListView.swift */,
				114F4B87246C8CB600C7811C /* DreamFilterSheetView.swift */,
				11D2E597246D963A006F2706 /* DreamListHeader.swift */,
				11D2E599246D9678006F2706 /* DreamListItem.swift */,
			);
			path = HomeView;
			sourceTree = "<group>";
		};
		11559B32245A2D9200025F9F /* DreamDetailView */ = {
			isa = PBXGroup;
			children = (
				118EA0E62453286900A2446F /* DreamDetailView.swift */,
				11AF16C52463105B009A150B /* DreamDetailKeyboardBar.swift */,
				1182E35D24634C4800C41E3E /* DreamDetailTopBar.swift */,
				1182E35F24634EDC00C41E3E /* DreamDetailMainContentView.swift */,
			);
			path = DreamDetailView;
			sourceTree = "<group>";
		};
		11564C102463F59600CDAE93 /* ViewModels */ = {
			isa = PBXGroup;
			children = (
				11564C112463F5AF00CDAE93 /* DreamViewModel.swift */,
				11564C1724641FBC00CDAE93 /* TagViewModel.swift */,
				11D3068D246F45860086C615 /* FilterViewModel.swift */,
			);
			path = ViewModels;
			sourceTree = "<group>";
		};
		1166455B24599EFA000F2DC0 /* Services */ = {
			isa = PBXGroup;
			children = (
				1166455C24599F24000F2DC0 /* DreamService.swift */,
				11F5ED32245B3D0100667B4E /* TagService.swift */,
			);
			path = Services;
			sourceTree = "<group>";
		};
		1166455E2459B4FA000F2DC0 /* Views */ = {
			isa = PBXGroup;
			children = (
				114F4B83246C536300C7811C /* SettingsView */,
				113E891B246BE2750070F018 /* MainNavigationView */,
				114D155F245CB58C0042A38B /* HelperViews */,
				11559B32245A2D9200025F9F /* DreamDetailView */,
				11559B2D245A29B800025F9F /* HomeView */,
			);
			path = Views;
			sourceTree = "<group>";
		};
		1168B0242454593D00E9E186 /* Models */ = {
			isa = PBXGroup;
			children = (
				11F5ED2E245B3BC500667B4E /* Tag+CoreDataClass.swift */,
				11F5ED2F245B3BC500667B4E /* Tag+CoreDataProperties.swift */,
				11F5ED25245B250000667B4E /* Dream+CoreDataClass.swift */,
				11F5ED24245B250000667B4E /* Dream+CoreDataProperties.swift */,
			);
			path = Models;
			sourceTree = "<group>";
		};
		11AF16C02462D238009A150B /* Utilities */ = {
			isa = PBXGroup;
			children = (
				11AF16C12462D5D4009A150B /* KeyboardObserver.swift */,
				113E891E246BE7460070F018 /* SaveAreaObserver.swift */,
				113E8920246BF31D0070F018 /* NavigationObserver.swift */,
				11411C45246CBB3B0031A991 /* FilterObserver.swift */,
			);
			path = Utilities;
			sourceTree = "<group>";
		};
/* End PBXGroup section */

/* Begin PBXNativeTarget section */
		110F88EE24530F6700C7B797 /* DreamingJournals */ = {
			isa = PBXNativeTarget;
			buildConfigurationList = 110F890624530F6900C7B797 /* Build configuration list for PBXNativeTarget "DreamingJournals" */;
			buildPhases = (
				110F88EB24530F6700C7B797 /* Sources */,
				110F88EC24530F6700C7B797 /* Frameworks */,
				110F88ED24530F6700C7B797 /* Resources */,
			);
			buildRules = (
			);
			dependencies = (
			);
			name = DreamingJournals;
			productName = "dream-book";
			productReference = 110F88EF24530F6700C7B797 /* Dreaming Journals.app */;
			productType = "com.apple.product-type.application";
		};
		114F656B2459C70A0056EB4C /* DreamingJournalsTests */ = {
			isa = PBXNativeTarget;
			buildConfigurationList = 114F65752459C70A0056EB4C /* Build configuration list for PBXNativeTarget "DreamingJournalsTests" */;
			buildPhases = (
				114F65682459C70A0056EB4C /* Sources */,
				114F65692459C70A0056EB4C /* Frameworks */,
				114F656A2459C70A0056EB4C /* Resources */,
			);
			buildRules = (
			);
			dependencies = (
				114F65722459C70A0056EB4C /* PBXTargetDependency */,
			);
			name = DreamingJournalsTests;
			productName = DreamBookTests;
			productReference = 114F656C2459C70A0056EB4C /* DreamingJournalsTests.xctest */;
			productType = "com.apple.product-type.bundle.unit-test";
		};
/* End PBXNativeTarget section */

/* Begin PBXProject section */
		110F88E724530F6700C7B797 /* Project object */ = {
			isa = PBXProject;
			attributes = {
				LastSwiftUpdateCheck = 1140;
				LastUpgradeCheck = 1140;
				ORGANIZATIONNAME = moesmoesie;
				TargetAttributes = {
					110F88EE24530F6700C7B797 = {
						CreatedOnToolsVersion = 11.4.1;
					};
					114F656B2459C70A0056EB4C = {
						CreatedOnToolsVersion = 11.4.1;
						TestTargetID = 110F88EE24530F6700C7B797;
					};
				};
			};
			buildConfigurationList = 110F88EA24530F6700C7B797 /* Build configuration list for PBXProject "DreamingJournals" */;
			compatibilityVersion = "Xcode 9.3";
			developmentRegion = en;
			hasScannedForEncodings = 0;
			knownRegions = (
				en,
				Base,
			);
			mainGroup = 110F88E624530F6700C7B797;
			productRefGroup = 110F88F024530F6700C7B797 /* Products */;
			projectDirPath = "";
			projectRoot = "";
			targets = (
				110F88EE24530F6700C7B797 /* DreamingJournals */,
				114F656B2459C70A0056EB4C /* DreamingJournalsTests */,
			);
		};
/* End PBXProject section */

/* Begin PBXResourcesBuildPhase section */
		110F88ED24530F6700C7B797 /* Resources */ = {
			isa = PBXResourcesBuildPhase;
			buildActionMask = 2147483647;
			files = (
				110F890224530F6900C7B797 /* LaunchScreen.storyboard in Resources */,
				110F88FF24530F6900C7B797 /* Preview Assets.xcassets in Resources */,
				110F88FC24530F6900C7B797 /* Assets.xcassets in Resources */,
			);
			runOnlyForDeploymentPostprocessing = 0;
		};
		114F656A2459C70A0056EB4C /* Resources */ = {
			isa = PBXResourcesBuildPhase;
			buildActionMask = 2147483647;
			files = (
			);
			runOnlyForDeploymentPostprocessing = 0;
		};
/* End PBXResourcesBuildPhase section */

/* Begin PBXSourcesBuildPhase section */
		110F88EB24530F6700C7B797 /* Sources */ = {
			isa = PBXSourcesBuildPhase;
			buildActionMask = 2147483647;
			files = (
				11D3068E246F45860086C615 /* FilterViewModel.swift in Sources */,
				11564C122463F5AF00CDAE93 /* DreamViewModel.swift in Sources */,
				11AF16C62463105B009A150B /* DreamDetailKeyboardBar.swift in Sources */,
				11944D7F24695E5F00A8A3B2 /* CustomTextView.swift in Sources */,
				1166455D24599F24000F2DC0 /* DreamService.swift in Sources */,
				11F5ED33245B3D0100667B4E /* TagService.swift in Sources */,
				11D2E59A246D9678006F2706 /* DreamListItem.swift in Sources */,
				11564C1824641FBC00CDAE93 /* TagViewModel.swift in Sources */,
				11411C46246CBB3B0031A991 /* FilterObserver.swift in Sources */,
				11559B31245A2AB900025F9F /* DreamListView.swift in Sources */,
				11AF16C22462D5D4009A150B /* KeyboardObserver.swift in Sources */,
				11F5ED31245B3BC500667B4E /* Tag+CoreDataProperties.swift in Sources */,
				1182E36024634EDC00C41E3E /* DreamDetailMainContentView.swift in Sources */,
				11B8A66024596D480057D1E6 /* CoreDataStack.swift in Sources */,
				11A09224246EAC73003A3F46 /* CollectionView.swift in Sources */,
				11559B2F245A2A5D00025F9F /* HomeView.swift in Sources */,
				1182E35E24634C4800C41E3E /* DreamDetailTopBar.swift in Sources */,
				11F5ED27245B250000667B4E /* Dream+CoreDataClass.swift in Sources */,
				113E891F246BE7460070F018 /* SaveAreaObserver.swift in Sources */,
				11F5ED26245B250000667B4E /* Dream+CoreDataProperties.swift in Sources */,
				118EA0E72453286900A2446F /* DreamDetailView.swift in Sources */,
				110F88F324530F6700C7B797 /* AppDelegate.swift in Sources */,
				11F5ED30245B3BC500667B4E /* Tag+CoreDataClass.swift in Sources */,
				114D1563245CB5FB0042A38B /* TagView.swift in Sources */,
				114F4B85246C537600C7811C /* SettingsView.swift in Sources */,
				11B4E24B246A1501006295B5 /* CustomTextField.swift in Sources */,
				11B8A65E24596C500057D1E6 /* DreamBook.xcdatamodeld in Sources */,
				11D30690246F46370086C615 /* FilterView.swift in Sources */,
				11D2E598246D963A006F2706 /* DreamListHeader.swift in Sources */,
				114F4B88246C8CB600C7811C /* DreamFilterSheetView.swift in Sources */,
				110F88F524530F6700C7B797 /* SceneDelegate.swift in Sources */,
				113E891D246BE28D0070F018 /* MainNavigationView.swift in Sources */,
				113E8921246BF31D0070F018 /* NavigationObserver.swift in Sources */,
				114744DC2461AB4900EF4A36 /* Theme.swift in Sources */,
			);
			runOnlyForDeploymentPostprocessing = 0;
		};
		114F65682459C70A0056EB4C /* Sources */ = {
			isa = PBXSourcesBuildPhase;
			buildActionMask = 2147483647;
			files = (
				11F5ED35245B3F6500667B4E /* TagServiceTest.swift in Sources */,
				114F65772459C7250056EB4C /* DreamServiceTests.swift in Sources */,
			);
			runOnlyForDeploymentPostprocessing = 0;
		};
/* End PBXSourcesBuildPhase section */

/* Begin PBXTargetDependency section */
		114F65722459C70A0056EB4C /* PBXTargetDependency */ = {
			isa = PBXTargetDependency;
			target = 110F88EE24530F6700C7B797 /* DreamingJournals */;
			targetProxy = 114F65712459C70A0056EB4C /* PBXContainerItemProxy */;
		};
/* End PBXTargetDependency section */

/* Begin PBXVariantGroup section */
		110F890024530F6900C7B797 /* LaunchScreen.storyboard */ = {
			isa = PBXVariantGroup;
			children = (
				110F890124530F6900C7B797 /* Base */,
			);
			name = LaunchScreen.storyboard;
			sourceTree = "<group>";
		};
/* End PBXVariantGroup section */

/* Begin XCBuildConfiguration section */
		110F890424530F6900C7B797 /* Debug */ = {
			isa = XCBuildConfiguration;
			buildSettings = {
				ALWAYS_SEARCH_USER_PATHS = NO;
				CLANG_ANALYZER_NONNULL = YES;
				CLANG_ANALYZER_NUMBER_OBJECT_CONVERSION = YES_AGGRESSIVE;
				CLANG_CXX_LANGUAGE_STANDARD = "gnu++14";
				CLANG_CXX_LIBRARY = "libc++";
				CLANG_ENABLE_MODULES = YES;
				CLANG_ENABLE_OBJC_ARC = YES;
				CLANG_ENABLE_OBJC_WEAK = YES;
				CLANG_WARN_BLOCK_CAPTURE_AUTORELEASING = YES;
				CLANG_WARN_BOOL_CONVERSION = YES;
				CLANG_WARN_COMMA = YES;
				CLANG_WARN_CONSTANT_CONVERSION = YES;
				CLANG_WARN_DEPRECATED_OBJC_IMPLEMENTATIONS = YES;
				CLANG_WARN_DIRECT_OBJC_ISA_USAGE = YES_ERROR;
				CLANG_WARN_DOCUMENTATION_COMMENTS = YES;
				CLANG_WARN_EMPTY_BODY = YES;
				CLANG_WARN_ENUM_CONVERSION = YES;
				CLANG_WARN_INFINITE_RECURSION = YES;
				CLANG_WARN_INT_CONVERSION = YES;
				CLANG_WARN_NON_LITERAL_NULL_CONVERSION = YES;
				CLANG_WARN_OBJC_IMPLICIT_RETAIN_SELF = YES;
				CLANG_WARN_OBJC_LITERAL_CONVERSION = YES;
				CLANG_WARN_OBJC_ROOT_CLASS = YES_ERROR;
				CLANG_WARN_RANGE_LOOP_ANALYSIS = YES;
				CLANG_WARN_STRICT_PROTOTYPES = YES;
				CLANG_WARN_SUSPICIOUS_MOVE = YES;
				CLANG_WARN_UNGUARDED_AVAILABILITY = YES_AGGRESSIVE;
				CLANG_WARN_UNREACHABLE_CODE = YES;
				CLANG_WARN__DUPLICATE_METHOD_MATCH = YES;
				COPY_PHASE_STRIP = NO;
				DEBUG_INFORMATION_FORMAT = dwarf;
				ENABLE_STRICT_OBJC_MSGSEND = YES;
				ENABLE_TESTABILITY = YES;
				GCC_C_LANGUAGE_STANDARD = gnu11;
				GCC_DYNAMIC_NO_PIC = NO;
				GCC_NO_COMMON_BLOCKS = YES;
				GCC_OPTIMIZATION_LEVEL = 0;
				GCC_PREPROCESSOR_DEFINITIONS = (
					"DEBUG=1",
					"$(inherited)",
				);
				GCC_WARN_64_TO_32_BIT_CONVERSION = YES;
				GCC_WARN_ABOUT_RETURN_TYPE = YES_ERROR;
				GCC_WARN_UNDECLARED_SELECTOR = YES;
				GCC_WARN_UNINITIALIZED_AUTOS = YES_AGGRESSIVE;
				GCC_WARN_UNUSED_FUNCTION = YES;
				GCC_WARN_UNUSED_VARIABLE = YES;
				IPHONEOS_DEPLOYMENT_TARGET = 13.4;
				MTL_ENABLE_DEBUG_INFO = INCLUDE_SOURCE;
				MTL_FAST_MATH = YES;
				ONLY_ACTIVE_ARCH = YES;
				SDKROOT = iphoneos;
				SWIFT_ACTIVE_COMPILATION_CONDITIONS = DEBUG;
				SWIFT_OPTIMIZATION_LEVEL = "-Onone";
			};
			name = Debug;
		};
		110F890524530F6900C7B797 /* Release */ = {
			isa = XCBuildConfiguration;
			buildSettings = {
				ALWAYS_SEARCH_USER_PATHS = NO;
				CLANG_ANALYZER_NONNULL = YES;
				CLANG_ANALYZER_NUMBER_OBJECT_CONVERSION = YES_AGGRESSIVE;
				CLANG_CXX_LANGUAGE_STANDARD = "gnu++14";
				CLANG_CXX_LIBRARY = "libc++";
				CLANG_ENABLE_MODULES = YES;
				CLANG_ENABLE_OBJC_ARC = YES;
				CLANG_ENABLE_OBJC_WEAK = YES;
				CLANG_WARN_BLOCK_CAPTURE_AUTORELEASING = YES;
				CLANG_WARN_BOOL_CONVERSION = YES;
				CLANG_WARN_COMMA = YES;
				CLANG_WARN_CONSTANT_CONVERSION = YES;
				CLANG_WARN_DEPRECATED_OBJC_IMPLEMENTATIONS = YES;
				CLANG_WARN_DIRECT_OBJC_ISA_USAGE = YES_ERROR;
				CLANG_WARN_DOCUMENTATION_COMMENTS = YES;
				CLANG_WARN_EMPTY_BODY = YES;
				CLANG_WARN_ENUM_CONVERSION = YES;
				CLANG_WARN_INFINITE_RECURSION = YES;
				CLANG_WARN_INT_CONVERSION = YES;
				CLANG_WARN_NON_LITERAL_NULL_CONVERSION = YES;
				CLANG_WARN_OBJC_IMPLICIT_RETAIN_SELF = YES;
				CLANG_WARN_OBJC_LITERAL_CONVERSION = YES;
				CLANG_WARN_OBJC_ROOT_CLASS = YES_ERROR;
				CLANG_WARN_RANGE_LOOP_ANALYSIS = YES;
				CLANG_WARN_STRICT_PROTOTYPES = YES;
				CLANG_WARN_SUSPICIOUS_MOVE = YES;
				CLANG_WARN_UNGUARDED_AVAILABILITY = YES_AGGRESSIVE;
				CLANG_WARN_UNREACHABLE_CODE = YES;
				CLANG_WARN__DUPLICATE_METHOD_MATCH = YES;
				COPY_PHASE_STRIP = NO;
				DEBUG_INFORMATION_FORMAT = "dwarf-with-dsym";
				ENABLE_NS_ASSERTIONS = NO;
				ENABLE_STRICT_OBJC_MSGSEND = YES;
				GCC_C_LANGUAGE_STANDARD = gnu11;
				GCC_NO_COMMON_BLOCKS = YES;
				GCC_WARN_64_TO_32_BIT_CONVERSION = YES;
				GCC_WARN_ABOUT_RETURN_TYPE = YES_ERROR;
				GCC_WARN_UNDECLARED_SELECTOR = YES;
				GCC_WARN_UNINITIALIZED_AUTOS = YES_AGGRESSIVE;
				GCC_WARN_UNUSED_FUNCTION = YES;
				GCC_WARN_UNUSED_VARIABLE = YES;
				IPHONEOS_DEPLOYMENT_TARGET = 13.4;
				MTL_ENABLE_DEBUG_INFO = NO;
				MTL_FAST_MATH = YES;
				SDKROOT = iphoneos;
				SWIFT_COMPILATION_MODE = wholemodule;
				SWIFT_OPTIMIZATION_LEVEL = "-O";
				VALIDATE_PRODUCT = YES;
			};
			name = Release;
		};
		110F890724530F6900C7B797 /* Debug */ = {
			isa = XCBuildConfiguration;
			buildSettings = {
				ASSETCATALOG_COMPILER_APPICON_NAME = AppIcon;
				CODE_SIGN_ENTITLEMENTS = "DreamingJournals/Dreaming Journals.entitlements";
				CODE_SIGN_STYLE = Automatic;
				DEVELOPMENT_ASSET_PATHS = "\"DreamingJournals/Preview Content\"";
				DEVELOPMENT_TEAM = C342Q22M8Y;
				ENABLE_PREVIEWS = YES;
				INFOPLIST_FILE = DreamingJournals/Info.plist;
				LD_RUNPATH_SEARCH_PATHS = (
					"$(inherited)",
					"@executable_path/Frameworks",
				);
				MARKETING_VERSION = 0.3;
				PRODUCT_BUNDLE_IDENTIFIER = com.moesmoesie.dreamingjournals;
				PRODUCT_NAME = "Dreaming Journals";
				SWIFT_VERSION = 5.0;
				TARGETED_DEVICE_FAMILY = 1;
			};
			name = Debug;
		};
		110F890824530F6900C7B797 /* Release */ = {
			isa = XCBuildConfiguration;
			buildSettings = {
				ASSETCATALOG_COMPILER_APPICON_NAME = AppIcon;
				CODE_SIGN_ENTITLEMENTS = "DreamingJournals/Dreaming Journals.entitlements";
				CODE_SIGN_STYLE = Automatic;
				DEVELOPMENT_ASSET_PATHS = "\"DreamingJournals/Preview Content\"";
				DEVELOPMENT_TEAM = C342Q22M8Y;
				ENABLE_PREVIEWS = YES;
				INFOPLIST_FILE = DreamingJournals/Info.plist;
				LD_RUNPATH_SEARCH_PATHS = (
					"$(inherited)",
					"@executable_path/Frameworks",
				);
				MARKETING_VERSION = 0.3;
				PRODUCT_BUNDLE_IDENTIFIER = com.moesmoesie.dreamingjournals;
				PRODUCT_NAME = "Dreaming Journals";
				SWIFT_VERSION = 5.0;
				TARGETED_DEVICE_FAMILY = 1;
			};
			name = Release;
		};
		114F65732459C70A0056EB4C /* Debug */ = {
			isa = XCBuildConfiguration;
			buildSettings = {
				BUNDLE_LOADER = "$(TEST_HOST)";
				CODE_SIGN_STYLE = Automatic;
				DEVELOPMENT_TEAM = C342Q22M8Y;
				INFOPLIST_FILE = DreamBookTests/Info.plist;
				LD_RUNPATH_SEARCH_PATHS = (
					"$(inherited)",
					"@executable_path/Frameworks",
					"@loader_path/Frameworks",
				);
				PRODUCT_BUNDLE_IDENTIFIER = com.moesmoesie.DreamBookTests;
				PRODUCT_NAME = "$(TARGET_NAME)";
				SWIFT_VERSION = 5.0;
				TARGETED_DEVICE_FAMILY = "1,2";
				TEST_HOST = "$(BUILT_PRODUCTS_DIR)/DreamingJournals.app/DreamingJournals";
			};
			name = Debug;
		};
		114F65742459C70A0056EB4C /* Release */ = {
			isa = XCBuildConfiguration;
			buildSettings = {
				BUNDLE_LOADER = "$(TEST_HOST)";
				CODE_SIGN_STYLE = Automatic;
				DEVELOPMENT_TEAM = C342Q22M8Y;
				INFOPLIST_FILE = DreamBookTests/Info.plist;
				LD_RUNPATH_SEARCH_PATHS = (
					"$(inherited)",
					"@executable_path/Frameworks",
					"@loader_path/Frameworks",
				);
				PRODUCT_BUNDLE_IDENTIFIER = com.moesmoesie.DreamBookTests;
				PRODUCT_NAME = "$(TARGET_NAME)";
				SWIFT_VERSION = 5.0;
				TARGETED_DEVICE_FAMILY = "1,2";
				TEST_HOST = "$(BUILT_PRODUCTS_DIR)/DreamingJournals.app/DreamingJournals";
			};
			name = Release;
		};
/* End XCBuildConfiguration section */

/* Begin XCConfigurationList section */
		110F88EA24530F6700C7B797 /* Build configuration list for PBXProject "DreamingJournals" */ = {
			isa = XCConfigurationList;
			buildConfigurations = (
				110F890424530F6900C7B797 /* Debug */,
				110F890524530F6900C7B797 /* Release */,
			);
			defaultConfigurationIsVisible = 0;
			defaultConfigurationName = Release;
		};
		110F890624530F6900C7B797 /* Build configuration list for PBXNativeTarget "DreamingJournals" */ = {
			isa = XCConfigurationList;
			buildConfigurations = (
				110F890724530F6900C7B797 /* Debug */,
				110F890824530F6900C7B797 /* Release */,
			);
			defaultConfigurationIsVisible = 0;
			defaultConfigurationName = Release;
		};
		114F65752459C70A0056EB4C /* Build configuration list for PBXNativeTarget "DreamingJournalsTests" */ = {
			isa = XCConfigurationList;
			buildConfigurations = (
				114F65732459C70A0056EB4C /* Debug */,
				114F65742459C70A0056EB4C /* Release */,
			);
			defaultConfigurationIsVisible = 0;
			defaultConfigurationName = Release;
		};
/* End XCConfigurationList section */

/* Begin XCVersionGroup section */
		11B8A65C24596C500057D1E6 /* DreamBook.xcdatamodeld */ = {
			isa = XCVersionGroup;
			children = (
				11B8A65D24596C500057D1E6 /* DreamBook.xcdatamodel */,
			);
			currentVersion = 11B8A65D24596C500057D1E6 /* DreamBook.xcdatamodel */;
			path = DreamBook.xcdatamodeld;
			sourceTree = "<group>";
			versionGroupType = wrapper.xcdatamodel;
		};
/* End XCVersionGroup section */
	};
	rootObject = 110F88E724530F6700C7B797 /* Project object */;
}
